
Microsoft Visual Studio Solution File, Format Version 12.00
# Visual Studio 15
VisualStudioVersion = 15.0.28010.2026
MinimumVisualStudioVersion = 10.0.40219.1
Project("{FAE04EC0-301F-11D3-BF4B-00C04F79EFBC}") = "TestGithub", "TestGithub\TestGithub.csproj", "{573DBCF1-F831-4666-AA54-7A84D0EB7C7E}"
EndProject
Global
	GlobalSection(SolutionConfigurationPlatforms) = preSolution
		Debug|Any CPU = Debug|Any CPU
		Release|Any CPU = Release|Any CPU
	EndGlobalSection
	GlobalSection(ProjectConfigurationPlatforms) = postSolution
		{573DBCF1-F831-4666-AA54-7A84D0EB7C7E}.Debug|Any CPU.ActiveCfg = Debug|Any CPU
		{573DBCF1-F831-4666-AA54-7A84D0EB7C7E}.Debug|Any CPU.Build.0 = Debug|Any CPU
		{573DBCF1-F831-4666-AA54-7A84D0EB7C7E}.Release|Any CPU.ActiveCfg = Release|Any CPU
		{573DBCF1-F831-4666-AA54-7A84D0EB7C7E}.Release|Any CPU.Build.0 = Release|Any CPU
	EndGlobalSection
	GlobalSection(SolutionProperties) = preSolution
		HideSolutionNode = FALSE
	EndGlobalSection
	GlobalSection(ExtensibilityGlobals) = postSolution
		SolutionGuid = {CE6B3D0A-BD2D-479D-9C51-D17A39E2F617}
	EndGlobalSection
EndGlobal
